# THIS IS AN AUTOGENERATED FILE. DO NOT EDIT THIS FILE DIRECTLY.
# yarn lockfile v1


aws-cdk@^2.45.0:
  version "2.45.0"
  resolved "https://registry.yarnpkg.com/aws-cdk/-/aws-cdk-2.45.0.tgz#f52dfb42a5df0f49609b55f14bfeac7290899b4c"
  integrity sha512-AIug6Ugvtd3I0+U3gTNZtJVDhOgpGpxwWMoOQUlX6xKGwDgQxWrWdq2QWe7ZyKgCRnY9SM90fa+Yxbx+VYk9Bw==
  optionalDependencies:
    fsevents "2.3.2"

fsevents@2.3.2:
  version "2.3.2"
  resolved "https://registry.yarnpkg.com/fsevents/-/fsevents-2.3.2.tgz#8a526f78b8fdf4623b709e0b975c52c24c02fd1a"
  integrity sha512-xiqMQR4xAeHTuB9uWm+fFRcIOgKBMiOBP+eXiyT7jsgVCq1bkVygt00oASowB7EdtpOHaaPgKt812P9ab+DDKA==
