# THIS IS AN AUTOGENERATED FILE. DO NOT EDIT THIS FILE DIRECTLY.
# yarn lockfile v1


aws-cdk@2.96.2:
  version "2.96.2"
  resolved "https://registry.yarnpkg.com/aws-cdk/-/aws-cdk-2.96.2.tgz#49112063e773bebb7b39b2ba834fe61cda40a295"
  integrity sha512-13ERpPV99OFAD75PLOtl0rRMXTWn6bCrmUPwYKkLwIMkj2xWCBiwo2Y9Qg+UzEszm5NMHA1N4ichSvuZ0mt2IQ==
  optionalDependencies:
    fsevents "2.3.2"

fsevents@2.3.2:
  version "2.3.2"
  resolved "https://registry.yarnpkg.com/fsevents/-/fsevents-2.3.2.tgz#8a526f78b8fdf4623b709e0b975c52c24c02fd1a"
  integrity sha512-xiqMQR4xAeHTuB9uWm+fFRcIOgKBMiOBP+eXiyT7jsgVCq1bkVygt00oASowB7EdtpOHaaPgKt812P9ab+DDKA==
