# THIS IS AN AUTOGENERATED FILE. DO NOT EDIT THIS FILE DIRECTLY.
# yarn lockfile v1


aws-cdk@^2.66.1:
  version "2.66.1"
  resolved "https://registry.yarnpkg.com/aws-cdk/-/aws-cdk-2.66.1.tgz#1b70a28e1e50362d53b32ff7bb4f1ff7f49a41c1"
  integrity sha512-exm97/VOH6yZPN2is3UC0acc6KF56AANvCg2gAEhyu6dPBueKxNCzrvsjNg/vmXrA8HqJ2jYJMg88YRNaUfylA==
  optionalDependencies:
    fsevents "2.3.2"

fsevents@2.3.2:
  version "2.3.2"
  resolved "https://registry.yarnpkg.com/fsevents/-/fsevents-2.3.2.tgz#8a526f78b8fdf4623b709e0b975c52c24c02fd1a"
  integrity sha512-xiqMQR4xAeHTuB9uWm+fFRcIOgKBMiOBP+eXiyT7jsgVCq1bkVygt00oASowB7EdtpOHaaPgKt812P9ab+DDKA==
